
Microsoft Visual Studio Solution File, Format Version 12.00
# Visual Studio Version 16
VisualStudioVersion = 16.0.30413.136
MinimumVisualStudioVersion = 10.0.40219.1
Project("{2150E333-8FDC-42A3-9474-1A3956D46DE8}") = "src", "src", "{FB833C28-6694-4BF3-9D0F-2251C0D7008F}"
EndProject
Project("{2150E333-8FDC-42A3-9474-1A3956D46DE8}") = "Catalog", "Catalog", "{176FE758-8EDE-4CD4-B361-CC336DC78FE7}"
EndProject
Project("{9A19103F-16F7-4668-BE54-9A1E7A4F7556}") = "Catalog.API", "src\Catalog\Catalog.API\Catalog.API.csproj", "{1EE9E577-08CB-4B09-9CE2-A1E0C6DC7A07}"
EndProject
Project("{E53339B2-1760-4266-BCC7-CA923CBCF16C}") = "docker-compose", "docker-compose.dcproj", "{72801029-502A-4FDF-9803-A5CA3E999D4A}"
EndProject
Project("{2150E333-8FDC-42A3-9474-1A3956D46DE8}") = "Basket", "Basket", "{A2EAF221-3207-433C-8E68-59B4AA3DCF35}"
EndProject
Project("{9A19103F-16F7-4668-BE54-9A1E7A4F7556}") = "Basket.API", "..\BasketApp\src\Basket\Basket.API\Basket.API.csproj", "{A4E2FB48-C8D9-4F53-9AFE-9929A5955516}"
EndProject
Project("{2150E333-8FDC-42A3-9474-1A3956D46DE8}") = "Ordering", "Ordering", "{EA273D7A-CEC3-4B48-9060-BB5C467913DF}"
EndProject
Project("{FAE04EC0-301F-11D3-BF4B-00C04F79EFBC}") = "Ordering.API", "..\Ordering.API\Ordering.API.csproj", "{0E23F746-5AF7-4BED-B5AC-DC9A432D4E7C}"
EndProject
Project("{9A19103F-16F7-4668-BE54-9A1E7A4F7556}") = "Ordering.Application", "src\Ordering\Ordering.Application\Ordering.Application.csproj", "{A00EC09A-80A6-46D3-963D-19495FD02546}"
EndProject
Project("{9A19103F-16F7-4668-BE54-9A1E7A4F7556}") = "Ordering.Core", "src\Ordering\Ordering.Core\Ordering.Core.csproj", "{E0CD9123-037D-42FF-9C91-2C2DC307F84B}"
EndProject
Project("{9A19103F-16F7-4668-BE54-9A1E7A4F7556}") = "Ordering.Infrastructure", "src\Ordering\Ordering.Infrastructure\Ordering.Infrastructure.csproj", "{2AE5BA61-A68C-4B76-AE41-E514AB429569}"
EndProject
Project("{2150E333-8FDC-42A3-9474-1A3956D46DE8}") = "Common", "Common", "{49B60739-78CA-45BC-A160-90C49BA75B4B}"
EndProject
Project("{FAE04EC0-301F-11D3-BF4B-00C04F79EFBC}") = "EventBusRabbitMQ", "src\Common\EventBusRabbitMQ\EventBusRabbitMQ.csproj", "{B2255E6F-1A9E-4FA6-BE9E-85A1FB02721D}"
EndProject
Global
	GlobalSection(SolutionConfigurationPlatforms) = preSolution
		Debug|Any CPU = Debug|Any CPU
		Release|Any CPU = Release|Any CPU
	EndGlobalSection
	GlobalSection(ProjectConfigurationPlatforms) = postSolution
		{1EE9E577-08CB-4B09-9CE2-A1E0C6DC7A07}.Debug|Any CPU.ActiveCfg = Debug|Any CPU
		{1EE9E577-08CB-4B09-9CE2-A1E0C6DC7A07}.Debug|Any CPU.Build.0 = Debug|Any CPU
		{1EE9E577-08CB-4B09-9CE2-A1E0C6DC7A07}.Release|Any CPU.ActiveCfg = Release|Any CPU
		{1EE9E577-08CB-4B09-9CE2-A1E0C6DC7A07}.Release|Any CPU.Build.0 = Release|Any CPU
		{72801029-502A-4FDF-9803-A5CA3E999D4A}.Debug|Any CPU.ActiveCfg = Debug|Any CPU
		{72801029-502A-4FDF-9803-A5CA3E999D4A}.Debug|Any CPU.Build.0 = Debug|Any CPU
		{72801029-502A-4FDF-9803-A5CA3E999D4A}.Release|Any CPU.ActiveCfg = Release|Any CPU
		{72801029-502A-4FDF-9803-A5CA3E999D4A}.Release|Any CPU.Build.0 = Release|Any CPU
		{A4E2FB48-C8D9-4F53-9AFE-9929A5955516}.Debug|Any CPU.ActiveCfg = Debug|Any CPU
		{A4E2FB48-C8D9-4F53-9AFE-9929A5955516}.Debug|Any CPU.Build.0 = Debug|Any CPU
		{A4E2FB48-C8D9-4F53-9AFE-9929A5955516}.Release|Any CPU.ActiveCfg = Release|Any CPU
		{A4E2FB48-C8D9-4F53-9AFE-9929A5955516}.Release|Any CPU.Build.0 = Release|Any CPU
		{0E23F746-5AF7-4BED-B5AC-DC9A432D4E7C}.Debug|Any CPU.ActiveCfg = Debug|Any CPU
		{0E23F746-5AF7-4BED-B5AC-DC9A432D4E7C}.Debug|Any CPU.Build.0 = Debug|Any CPU
		{0E23F746-5AF7-4BED-B5AC-DC9A432D4E7C}.Release|Any CPU.ActiveCfg = Release|Any CPU
		{0E23F746-5AF7-4BED-B5AC-DC9A432D4E7C}.Release|Any CPU.Build.0 = Release|Any CPU
		{A00EC09A-80A6-46D3-963D-19495FD02546}.Debug|Any CPU.ActiveCfg = Debug|Any CPU
		{A00EC09A-80A6-46D3-963D-19495FD02546}.Debug|Any CPU.Build.0 = Debug|Any CPU
		{A00EC09A-80A6-46D3-963D-19495FD02546}.Release|Any CPU.ActiveCfg = Release|Any CPU
		{A00EC09A-80A6-46D3-963D-19495FD02546}.Release|Any CPU.Build.0 = Release|Any CPU
		{E0CD9123-037D-42FF-9C91-2C2DC307F84B}.Debug|Any CPU.ActiveCfg = Debug|Any CPU
		{E0CD9123-037D-42FF-9C91-2C2DC307F84B}.Debug|Any CPU.Build.0 = Debug|Any CPU
		{E0CD9123-037D-42FF-9C91-2C2DC307F84B}.Release|Any CPU.ActiveCfg = Release|Any CPU
		{E0CD9123-037D-42FF-9C91-2C2DC307F84B}.Release|Any CPU.Build.0 = Release|Any CPU
		{2AE5BA61-A68C-4B76-AE41-E514AB429569}.Debug|Any CPU.ActiveCfg = Debug|Any CPU
		{2AE5BA61-A68C-4B76-AE41-E514AB429569}.Debug|Any CPU.Build.0 = Debug|Any CPU
		{2AE5BA61-A68C-4B76-AE41-E514AB429569}.Release|Any CPU.ActiveCfg = Release|Any CPU
		{2AE5BA61-A68C-4B76-AE41-E514AB429569}.Release|Any CPU.Build.0 = Release|Any CPU
		{B2255E6F-1A9E-4FA6-BE9E-85A1FB02721D}.Debug|Any CPU.ActiveCfg = Debug|Any CPU
		{B2255E6F-1A9E-4FA6-BE9E-85A1FB02721D}.Debug|Any CPU.Build.0 = Debug|Any CPU
		{B2255E6F-1A9E-4FA6-BE9E-85A1FB02721D}.Release|Any CPU.ActiveCfg = Release|Any CPU
		{B2255E6F-1A9E-4FA6-BE9E-85A1FB02721D}.Release|Any CPU.Build.0 = Release|Any CPU
	EndGlobalSection
	GlobalSection(SolutionProperties) = preSolution
		HideSolutionNode = FALSE
	EndGlobalSection
	GlobalSection(NestedProjects) = preSolution
		{176FE758-8EDE-4CD4-B361-CC336DC78FE7} = {FB833C28-6694-4BF3-9D0F-2251C0D7008F}
		{1EE9E577-08CB-4B09-9CE2-A1E0C6DC7A07} = {176FE758-8EDE-4CD4-B361-CC336DC78FE7}
		{A2EAF221-3207-433C-8E68-59B4AA3DCF35} = {FB833C28-6694-4BF3-9D0F-2251C0D7008F}
		{A4E2FB48-C8D9-4F53-9AFE-9929A5955516} = {A2EAF221-3207-433C-8E68-59B4AA3DCF35}
		{EA273D7A-CEC3-4B48-9060-BB5C467913DF} = {FB833C28-6694-4BF3-9D0F-2251C0D7008F}
		{0E23F746-5AF7-4BED-B5AC-DC9A432D4E7C} = {EA273D7A-CEC3-4B48-9060-BB5C467913DF}
		{A00EC09A-80A6-46D3-963D-19495FD02546} = {EA273D7A-CEC3-4B48-9060-BB5C467913DF}
		{E0CD9123-037D-42FF-9C91-2C2DC307F84B} = {EA273D7A-CEC3-4B48-9060-BB5C467913DF}
		{2AE5BA61-A68C-4B76-AE41-E514AB429569} = {EA273D7A-CEC3-4B48-9060-BB5C467913DF}
		{49B60739-78CA-45BC-A160-90C49BA75B4B} = {FB833C28-6694-4BF3-9D0F-2251C0D7008F}
		{B2255E6F-1A9E-4FA6-BE9E-85A1FB02721D} = {49B60739-78CA-45BC-A160-90C49BA75B4B}
	EndGlobalSection
	GlobalSection(ExtensibilityGlobals) = postSolution
		SolutionGuid = {AED6EB21-D16C-4B0B-9044-BBF13906EFAF}
	EndGlobalSection
EndGlobal
